
Microsoft Visual Studio Solution File, Format Version 12.00
# Visual Studio Version 17
VisualStudioVersion = 17.0.32014.148
MinimumVisualStudioVersion = 10.0.40219.1
Project("{FAE04EC0-301F-11D3-BF4B-00C04F79EFBC}") = "WindowsFormsApp2", "WindowsFormsApp2.csproj", "{4EB38511-444E-476A-BB99-1EFFC47D40E4}"
EndProject
Global
	GlobalSection(SolutionConfigurationPlatforms) = preSolution
		Debug|Any CPU = Debug|Any CPU
		Release|Any CPU = Release|Any CPU
	EndGlobalSection
	GlobalSection(ProjectConfigurationPlatforms) = postSolution
		{4EB38511-444E-476A-BB99-1EFFC47D40E4}.Debug|Any CPU.ActiveCfg = Debug|Any CPU
		{4EB38511-444E-476A-BB99-1EFFC47D40E4}.Debug|Any CPU.Build.0 = Debug|Any CPU
		{4EB38511-444E-476A-BB99-1EFFC47D40E4}.Release|Any CPU.ActiveCfg = Release|Any CPU
		{4EB38511-444E-476A-BB99-1EFFC47D40E4}.Release|Any CPU.Build.0 = Release|Any CPU
	EndGlobalSection
	GlobalSection(SolutionProperties) = preSolution
		HideSolutionNode = FALSE
	EndGlobalSection
	GlobalSection(ExtensibilityGlobals) = postSolution
		SolutionGuid = {C43720D2-DB25-471B-9196-179F9682BB6B}
	EndGlobalSection
EndGlobal
